{
    "version": 3,
    "terraform_version": "0.11.14",
    "serial": 13,
    "lineage": "fb906651-dfe6-6fbc-b5d1-916723a38a38",
    "modules": [
        {
            "path": [
                "root"
            ],
            "outputs": {},
            "resources": {
                "azurerm_network_interface.interface1.0": {
                    "type": "azurerm_network_interface",
                    "depends_on": [
                        "azurerm_resource_group.G1",
                        "azurerm_subnet.sub1"
                    ],
                    "primary": {
                        "id": "/subscriptions/dbd0e577-a0ff-42b1-83a1-91960c615cb9/resourceGroups/GROUPE1/providers/Microsoft.Network/networkInterfaces/acctni0",
                        "attributes": {
                            "applied_dns_servers.#": "0",
                            "dns_servers.#": "0",
                            "enable_accelerated_networking": "false",
                            "enable_ip_forwarding": "false",
                            "id": "/subscriptions/dbd0e577-a0ff-42b1-83a1-91960c615cb9/resourceGroups/GROUPE1/providers/Microsoft.Network/networkInterfaces/acctni0",
                            "internal_dns_name_label": "",
                            "internal_fqdn": "",
                            "ip_configuration.#": "1",
                            "ip_configuration.0.application_gateway_backend_address_pools_ids.#": "0",
                            "ip_configuration.0.application_security_group_ids.#": "0",
                            "ip_configuration.0.load_balancer_backend_address_pools_ids.#": "0",
                            "ip_configuration.0.load_balancer_inbound_nat_rules_ids.#": "0",
                            "ip_configuration.0.name": "G1Configuration",
                            "ip_configuration.0.primary": "true",
                            "ip_configuration.0.private_ip_address": "",
                            "ip_configuration.0.private_ip_address_allocation": "dynamic",
                            "ip_configuration.0.private_ip_address_version": "IPv4",
                            "ip_configuration.0.public_ip_address_id": "",
                            "ip_configuration.0.subnet_id": "/subscriptions/dbd0e577-a0ff-42b1-83a1-91960c615cb9/resourceGroups/GROUPE1/providers/Microsoft.Network/virtualNetworks/vnet/subnets/SUBNET1",
                            "location": "francecentral",
                            "mac_address": "",
                            "name": "acctni0",
                            "network_security_group_id": "",
                            "private_ip_address": "10.0.2.6",
                            "private_ip_addresses.#": "1",
                            "private_ip_addresses.0": "10.0.2.6",
                            "resource_group_name": "GROUPE1",
                            "tags.%": "0"
                        },
                        "meta": {},
                        "tainted": false
                    },
                    "deposed": [],
                    "provider": "provider.azurerm"
                },
                "azurerm_network_interface.interface1.1": {
                    "type": "azurerm_network_interface",
                    "depends_on": [
                        "azurerm_resource_group.G1",
                        "azurerm_subnet.sub1"
                    ],
                    "primary": {
                        "id": "/subscriptions/dbd0e577-a0ff-42b1-83a1-91960c615cb9/resourceGroups/GROUPE1/providers/Microsoft.Network/networkInterfaces/acctni1",
                        "attributes": {
                            "applied_dns_servers.#": "0",
                            "dns_servers.#": "0",
                            "enable_accelerated_networking": "false",
                            "enable_ip_forwarding": "false",
                            "id": "/subscriptions/dbd0e577-a0ff-42b1-83a1-91960c615cb9/resourceGroups/GROUPE1/providers/Microsoft.Network/networkInterfaces/acctni1",
                            "internal_dns_name_label": "",
                            "internal_fqdn": "",
                            "ip_configuration.#": "1",
                            "ip_configuration.0.application_gateway_backend_address_pools_ids.#": "0",
                            "ip_configuration.0.application_security_group_ids.#": "0",
                            "ip_configuration.0.load_balancer_backend_address_pools_ids.#": "0",
                            "ip_configuration.0.load_balancer_inbound_nat_rules_ids.#": "0",
                            "ip_configuration.0.name": "G1Configuration",
                            "ip_configuration.0.primary": "true",
                            "ip_configuration.0.private_ip_address": "",
                            "ip_configuration.0.private_ip_address_allocation": "dynamic",
                            "ip_configuration.0.private_ip_address_version": "IPv4",
                            "ip_configuration.0.public_ip_address_id": "",
                            "ip_configuration.0.subnet_id": "/subscriptions/dbd0e577-a0ff-42b1-83a1-91960c615cb9/resourceGroups/GROUPE1/providers/Microsoft.Network/virtualNetworks/vnet/subnets/SUBNET1",
                            "location": "francecentral",
                            "mac_address": "00-0D-3A-95-76-08",
                            "name": "acctni1",
                            "network_security_group_id": "",
                            "private_ip_address": "10.0.2.5",
                            "private_ip_addresses.#": "1",
                            "private_ip_addresses.0": "10.0.2.5",
                            "resource_group_name": "GROUPE1",
                            "tags.%": "0",
                            "virtual_machine_id": "/subscriptions/dbd0e577-a0ff-42b1-83a1-91960c615cb9/resourceGroups/GROUPE1/providers/Microsoft.Compute/virtualMachines/slave1"
                        },
                        "meta": {},
                        "tainted": false
                    },
                    "deposed": [],
                    "provider": "provider.azurerm"
                },
                "azurerm_network_interface.interface1.2": {
                    "type": "azurerm_network_interface",
                    "depends_on": [
                        "azurerm_resource_group.G1",
                        "azurerm_subnet.sub1"
                    ],
                    "primary": {
                        "id": "/subscriptions/dbd0e577-a0ff-42b1-83a1-91960c615cb9/resourceGroups/GROUPE1/providers/Microsoft.Network/networkInterfaces/acctni2",
                        "attributes": {
                            "applied_dns_servers.#": "0",
                            "dns_servers.#": "0",
                            "enable_accelerated_networking": "false",
                            "enable_ip_forwarding": "false",
                            "id": "/subscriptions/dbd0e577-a0ff-42b1-83a1-91960c615cb9/resourceGroups/GROUPE1/providers/Microsoft.Network/networkInterfaces/acctni2",
                            "internal_dns_name_label": "",
                            "internal_fqdn": "",
                            "ip_configuration.#": "1",
                            "ip_configuration.0.application_gateway_backend_address_pools_ids.#": "0",
                            "ip_configuration.0.application_security_group_ids.#": "0",
                            "ip_configuration.0.load_balancer_backend_address_pools_ids.#": "0",
                            "ip_configuration.0.load_balancer_inbound_nat_rules_ids.#": "0",
                            "ip_configuration.0.name": "G1Configuration",
                            "ip_configuration.0.primary": "true",
                            "ip_configuration.0.private_ip_address": "",
                            "ip_configuration.0.private_ip_address_allocation": "dynamic",
                            "ip_configuration.0.private_ip_address_version": "IPv4",
                            "ip_configuration.0.public_ip_address_id": "",
                            "ip_configuration.0.subnet_id": "/subscriptions/dbd0e577-a0ff-42b1-83a1-91960c615cb9/resourceGroups/GROUPE1/providers/Microsoft.Network/virtualNetworks/vnet/subnets/SUBNET1",
                            "location": "francecentral",
                            "mac_address": "00-0D-3A-95-77-62",
                            "name": "acctni2",
                            "network_security_group_id": "",
                            "private_ip_address": "10.0.2.4",
                            "private_ip_addresses.#": "1",
                            "private_ip_addresses.0": "10.0.2.4",
                            "resource_group_name": "GROUPE1",
                            "tags.%": "0",
                            "virtual_machine_id": "/subscriptions/dbd0e577-a0ff-42b1-83a1-91960c615cb9/resourceGroups/GROUPE1/providers/Microsoft.Compute/virtualMachines/slave2"
                        },
                        "meta": {},
                        "tainted": false
                    },
                    "deposed": [],
                    "provider": "provider.azurerm"
                },
                "azurerm_network_interface.interface2": {
                    "type": "azurerm_network_interface",
                    "depends_on": [
                        "azurerm_resource_group.G1",
                        "azurerm_subnet.sub2"
                    ],
                    "primary": {
                        "id": "/subscriptions/dbd0e577-a0ff-42b1-83a1-91960c615cb9/resourceGroups/GROUPE1/providers/Microsoft.Network/networkInterfaces/interface220",
                        "attributes": {
                            "applied_dns_servers.#": "0",
                            "dns_servers.#": "0",
                            "enable_accelerated_networking": "false",
                            "enable_ip_forwarding": "false",
                            "id": "/subscriptions/dbd0e577-a0ff-42b1-83a1-91960c615cb9/resourceGroups/GROUPE1/providers/Microsoft.Network/networkInterfaces/interface220",
                            "internal_dns_name_label": "",
                            "internal_fqdn": "",
                            "ip_configuration.#": "1",
                            "ip_configuration.0.application_gateway_backend_address_pools_ids.#": "0",
                            "ip_configuration.0.application_security_group_ids.#": "0",
                            "ip_configuration.0.load_balancer_backend_address_pools_ids.#": "0",
                            "ip_configuration.0.load_balancer_inbound_nat_rules_ids.#": "0",
                            "ip_configuration.0.name": "G1Configuration",
                            "ip_configuration.0.primary": "true",
                            "ip_configuration.0.private_ip_address": "",
                            "ip_configuration.0.private_ip_address_allocation": "dynamic",
                            "ip_configuration.0.private_ip_address_version": "IPv4",
                            "ip_configuration.0.public_ip_address_id": "",
                            "ip_configuration.0.subnet_id": "/subscriptions/dbd0e577-a0ff-42b1-83a1-91960c615cb9/resourceGroups/GROUPE1/providers/Microsoft.Network/virtualNetworks/vnet/subnets/SUBNET2",
                            "location": "francecentral",
                            "mac_address": "00-0D-3A-95-70-D9",
                            "name": "interface220",
                            "network_security_group_id": "",
                            "private_ip_address": "10.0.3.4",
                            "private_ip_addresses.#": "1",
                            "private_ip_addresses.0": "10.0.3.4",
                            "resource_group_name": "GROUPE1",
                            "tags.%": "0",
                            "virtual_machine_id": "/subscriptions/dbd0e577-a0ff-42b1-83a1-91960c615cb9/resourceGroups/GROUPE1/providers/Microsoft.Compute/virtualMachines/ngnix0"
                        },
                        "meta": {},
                        "tainted": false
                    },
                    "deposed": [],
                    "provider": "provider.azurerm"
                },
                "azurerm_network_security_group.lesports": {
                    "type": "azurerm_network_security_group",
                    "depends_on": [
                        "azurerm_resource_group.G1"
                    ],
                    "primary": {
                        "id": "/subscriptions/dbd0e577-a0ff-42b1-83a1-91960c615cb9/resourceGroups/GROUPE1/providers/Microsoft.Network/networkSecurityGroups/port",
                        "attributes": {
                            "id": "/subscriptions/dbd0e577-a0ff-42b1-83a1-91960c615cb9/resourceGroups/GROUPE1/providers/Microsoft.Network/networkSecurityGroups/port",
                            "location": "francecentral",
                            "name": "port",
                            "resource_group_name": "GROUPE1",
                            "security_rule.#": "2",
                            "security_rule.1453467549.access": "Allow",
                            "security_rule.1453467549.description": "",
                            "security_rule.1453467549.destination_address_prefix": "*",
                            "security_rule.1453467549.destination_address_prefixes.#": "0",
                            "security_rule.1453467549.destination_application_security_group_ids.#": "0",
                            "security_rule.1453467549.destination_port_range": "22",
                            "security_rule.1453467549.destination_port_ranges.#": "0",
                            "security_rule.1453467549.direction": "Inbound",
                            "security_rule.1453467549.name": "OK-HTTP-entrant2",
                            "security_rule.1453467549.priority": "1010",
                            "security_rule.1453467549.protocol": "Tcp",
                            "security_rule.1453467549.source_address_prefix": "*",
                            "security_rule.1453467549.source_address_prefixes.#": "0",
                            "security_rule.1453467549.source_application_security_group_ids.#": "0",
                            "security_rule.1453467549.source_port_range": "*",
                            "security_rule.1453467549.source_port_ranges.#": "0",
                            "security_rule.3231710239.access": "Allow",
                            "security_rule.3231710239.description": "",
                            "security_rule.3231710239.destination_address_prefix": "*",
                            "security_rule.3231710239.destination_address_prefixes.#": "0",
                            "security_rule.3231710239.destination_application_security_group_ids.#": "0",
                            "security_rule.3231710239.destination_port_range": "80",
                            "security_rule.3231710239.destination_port_ranges.#": "0",
                            "security_rule.3231710239.direction": "Inbound",
                            "security_rule.3231710239.name": "OK-HTTP-entrant1",
                            "security_rule.3231710239.priority": "1000",
                            "security_rule.3231710239.protocol": "Tcp",
                            "security_rule.3231710239.source_address_prefix": "*",
                            "security_rule.3231710239.source_address_prefixes.#": "0",
                            "security_rule.3231710239.source_application_security_group_ids.#": "0",
                            "security_rule.3231710239.source_port_range": "*",
                            "security_rule.3231710239.source_port_ranges.#": "0",
                            "tags.%": "0"
                        },
                        "meta": {},
                        "tainted": false
                    },
                    "deposed": [],
                    "provider": "provider.azurerm"
                },
                "azurerm_public_ip.ipp": {
                    "type": "azurerm_public_ip",
                    "depends_on": [
                        "azurerm_resource_group.G1"
                    ],
                    "primary": {
                        "id": "/subscriptions/dbd0e577-a0ff-42b1-83a1-91960c615cb9/resourceGroups/GROUPE1/providers/Microsoft.Network/publicIPAddresses/publicIPForLB1",
                        "attributes": {
                            "allocation_method": "Static",
                            "id": "/subscriptions/dbd0e577-a0ff-42b1-83a1-91960c615cb9/resourceGroups/GROUPE1/providers/Microsoft.Network/publicIPAddresses/publicIPForLB1",
                            "idle_timeout_in_minutes": "4",
                            "ip_address": "52.143.155.208",
                            "ip_version": "IPv4",
                            "location": "francecentral",
                            "name": "publicIPForLB1",
                            "public_ip_address_allocation": "Static",
                            "resource_group_name": "GROUPE1",
                            "sku": "Basic",
                            "tags.%": "0",
                            "zones.#": "0"
                        },
                        "meta": {},
                        "tainted": false
                    },
                    "deposed": [],
                    "provider": "provider.azurerm"
                },
                "azurerm_resource_group.G1": {
                    "type": "azurerm_resource_group",
                    "depends_on": [],
                    "primary": {
                        "id": "/subscriptions/dbd0e577-a0ff-42b1-83a1-91960c615cb9/resourceGroups/GROUPE1",
                        "attributes": {
                            "id": "/subscriptions/dbd0e577-a0ff-42b1-83a1-91960c615cb9/resourceGroups/GROUPE1",
                            "location": "francecentral",
                            "name": "GROUPE1",
                            "tags.%": "0"
                        },
                        "meta": {},
                        "tainted": false
                    },
                    "deposed": [],
                    "provider": "provider.azurerm"
                },
                "azurerm_subnet.sub1": {
                    "type": "azurerm_subnet",
                    "depends_on": [
                        "azurerm_resource_group.G1",
                        "azurerm_virtual_network.vn"
                    ],
                    "primary": {
                        "id": "/subscriptions/dbd0e577-a0ff-42b1-83a1-91960c615cb9/resourceGroups/GROUPE1/providers/Microsoft.Network/virtualNetworks/vnet/subnets/SUBNET1",
                        "attributes": {
                            "address_prefix": "10.0.2.0/24",
                            "delegation.#": "0",
                            "id": "/subscriptions/dbd0e577-a0ff-42b1-83a1-91960c615cb9/resourceGroups/GROUPE1/providers/Microsoft.Network/virtualNetworks/vnet/subnets/SUBNET1",
                            "ip_configurations.#": "3",
                            "ip_configurations.1499315628": "/subscriptions/dbd0e577-a0ff-42b1-83a1-91960c615cb9/resourceGroups/GROUPE1/providers/Microsoft.Network/networkInterfaces/acctni1/ipConfigurations/G1Configuration",
                            "ip_configurations.2111827098": "/subscriptions/dbd0e577-a0ff-42b1-83a1-91960c615cb9/resourceGroups/GROUPE1/providers/Microsoft.Network/networkInterfaces/acctni0/ipConfigurations/G1Configuration",
                            "ip_configurations.886787830": "/subscriptions/dbd0e577-a0ff-42b1-83a1-91960c615cb9/resourceGroups/GROUPE1/providers/Microsoft.Network/networkInterfaces/acctni2/ipConfigurations/G1Configuration",
                            "name": "SUBNET1",
                            "network_security_group_id": "",
                            "resource_group_name": "GROUPE1",
                            "route_table_id": "",
                            "service_endpoints.#": "0",
                            "virtual_network_name": "vnet"
                        },
                        "meta": {},
                        "tainted": false
                    },
                    "deposed": [],
                    "provider": "provider.azurerm"
                },
                "azurerm_subnet.sub2": {
                    "type": "azurerm_subnet",
                    "depends_on": [
                        "azurerm_resource_group.G1",
                        "azurerm_virtual_network.vn"
                    ],
                    "primary": {
                        "id": "/subscriptions/dbd0e577-a0ff-42b1-83a1-91960c615cb9/resourceGroups/GROUPE1/providers/Microsoft.Network/virtualNetworks/vnet/subnets/SUBNET2",
                        "attributes": {
                            "address_prefix": "10.0.3.0/24",
                            "delegation.#": "0",
                            "id": "/subscriptions/dbd0e577-a0ff-42b1-83a1-91960c615cb9/resourceGroups/GROUPE1/providers/Microsoft.Network/virtualNetworks/vnet/subnets/SUBNET2",
                            "ip_configurations.#": "1",
                            "ip_configurations.2965840963": "/subscriptions/dbd0e577-a0ff-42b1-83a1-91960c615cb9/resourceGroups/GROUPE1/providers/Microsoft.Network/networkInterfaces/interface220/ipConfigurations/G1Configuration",
                            "name": "SUBNET2",
                            "network_security_group_id": "",
                            "resource_group_name": "GROUPE1",
                            "route_table_id": "",
                            "service_endpoints.#": "0",
                            "virtual_network_name": "vnet"
                        },
                        "meta": {},
                        "tainted": false
                    },
                    "deposed": [],
                    "provider": "provider.azurerm"
                },
                "azurerm_virtual_machine.ngnix": {
                    "type": "azurerm_virtual_machine",
                    "depends_on": [
                        "azurerm_network_interface.interface2.*",
                        "azurerm_resource_group.G1"
                    ],
                    "primary": {
                        "id": "/subscriptions/dbd0e577-a0ff-42b1-83a1-91960c615cb9/resourceGroups/GROUPE1/providers/Microsoft.Compute/virtualMachines/ngnix0",
                        "attributes": {
                            "delete_data_disks_on_termination": "true",
                            "delete_os_disk_on_termination": "true",
                            "id": "/subscriptions/dbd0e577-a0ff-42b1-83a1-91960c615cb9/resourceGroups/GROUPE1/providers/Microsoft.Compute/virtualMachines/ngnix0",
                            "identity.#": "0",
                            "location": "francecentral",
                            "name": "ngnix0",
                            "network_interface_ids.#": "1",
                            "network_interface_ids.0": "/subscriptions/dbd0e577-a0ff-42b1-83a1-91960c615cb9/resourceGroups/GROUPE1/providers/Microsoft.Network/networkInterfaces/interface220",
                            "os_profile.#": "1",
                            "os_profile.3663441354.admin_password": "",
                            "os_profile.3663441354.admin_username": "G1admin",
                            "os_profile.3663441354.computer_name": "hostname",
                            "os_profile.3663441354.custom_data": "",
                            "os_profile_linux_config.#": "1",
                            "os_profile_linux_config.69840937.disable_password_authentication": "true",
                            "os_profile_linux_config.69840937.ssh_keys.#": "1",
                            "os_profile_linux_config.69840937.ssh_keys.0.key_data": "ssh-rsa AAAAB3NzaC1yc2EAAAADAQABAAABAQDNLV5EjrbI5noWsox1RZ7xEroLKsXJJYKt7SyVGIjWVCIYKjUmwwm6xbAWckh94n/wB9vg7X8h0iSaa0pompFg/IOX5ulNAmk2vrMy4fTYxZ04wZ4BldXVtOKpQg1mgWuvOR5+kFX6avGFqp8WCQ3QlvBpu96xlBJQYype+6f/H1YrwA8T5x5vo10WraT8C5GdH5LeXI5JrpFAoV8b4SmebD3Wy8Fn1yjt1CrN4IJKEGBaab5+FTKf8L/Hpk+uHBJqVMnS/OQWW51Y2savEJBtARcR12SBN1J/TzuTdpirnEvsrrXDIDPMraPC2k1Vi6wswEBzvQISQmvaCitcVelJ user01@linux-8.home",
                            "os_profile_linux_config.69840937.ssh_keys.0.path": "/home/G1admin/.ssh/authorized_keys",
                            "os_profile_secrets.#": "0",
                            "os_profile_windows_config.#": "0",
                            "plan.#": "0",
                            "resource_group_name": "GROUPE1",
                            "storage_data_disk.#": "0",
                            "storage_image_reference.#": "1",
                            "storage_image_reference.3276981797.id": "",
                            "storage_image_reference.3276981797.offer": "CentOS",
                            "storage_image_reference.3276981797.publisher": "OpenLogic",
                            "storage_image_reference.3276981797.sku": "7.5",
                            "storage_image_reference.3276981797.version": "latest",
                            "storage_os_disk.#": "1",
                            "storage_os_disk.0.caching": "ReadWrite",
                            "storage_os_disk.0.create_option": "FromImage",
                            "storage_os_disk.0.disk_size_gb": "30",
                            "storage_os_disk.0.image_uri": "",
                            "storage_os_disk.0.managed_disk_id": "/subscriptions/dbd0e577-a0ff-42b1-83a1-91960c615cb9/resourceGroups/GROUPE1/providers/Microsoft.Compute/disks/myosdisk0",
                            "storage_os_disk.0.managed_disk_type": "Premium_LRS",
                            "storage_os_disk.0.name": "myosdisk0",
                            "storage_os_disk.0.os_type": "Linux",
                            "storage_os_disk.0.vhd_uri": "",
                            "storage_os_disk.0.write_accelerator_enabled": "false",
                            "tags.%": "0",
                            "vm_size": "Standard_DS1_v2",
                            "zones.#": "0"
                        },
                        "meta": {},
                        "tainted": false
                    },
                    "deposed": [],
                    "provider": "provider.azurerm"
                },
                "azurerm_virtual_machine.slave.1": {
                    "type": "azurerm_virtual_machine",
                    "depends_on": [
                        "azurerm_network_interface.interface1.*",
                        "azurerm_resource_group.G1"
                    ],
                    "primary": {
                        "id": "/subscriptions/dbd0e577-a0ff-42b1-83a1-91960c615cb9/resourceGroups/GROUPE1/providers/Microsoft.Compute/virtualMachines/slave1",
                        "attributes": {
                            "delete_data_disks_on_termination": "true",
                            "delete_os_disk_on_termination": "true",
                            "id": "/subscriptions/dbd0e577-a0ff-42b1-83a1-91960c615cb9/resourceGroups/GROUPE1/providers/Microsoft.Compute/virtualMachines/slave1",
                            "identity.#": "0",
                            "location": "francecentral",
                            "name": "slave1",
                            "network_interface_ids.#": "1",
                            "network_interface_ids.0": "/subscriptions/dbd0e577-a0ff-42b1-83a1-91960c615cb9/resourceGroups/GROUPE1/providers/Microsoft.Network/networkInterfaces/acctni1",
                            "os_profile.#": "1",
                            "os_profile.3663441354.admin_password": "",
                            "os_profile.3663441354.admin_username": "G1admin",
                            "os_profile.3663441354.computer_name": "hostname",
                            "os_profile.3663441354.custom_data": "",
                            "os_profile_linux_config.#": "1",
                            "os_profile_linux_config.69840937.disable_password_authentication": "true",
                            "os_profile_linux_config.69840937.ssh_keys.#": "1",
                            "os_profile_linux_config.69840937.ssh_keys.0.key_data": "ssh-rsa AAAAB3NzaC1yc2EAAAADAQABAAABAQDNLV5EjrbI5noWsox1RZ7xEroLKsXJJYKt7SyVGIjWVCIYKjUmwwm6xbAWckh94n/wB9vg7X8h0iSaa0pompFg/IOX5ulNAmk2vrMy4fTYxZ04wZ4BldXVtOKpQg1mgWuvOR5+kFX6avGFqp8WCQ3QlvBpu96xlBJQYype+6f/H1YrwA8T5x5vo10WraT8C5GdH5LeXI5JrpFAoV8b4SmebD3Wy8Fn1yjt1CrN4IJKEGBaab5+FTKf8L/Hpk+uHBJqVMnS/OQWW51Y2savEJBtARcR12SBN1J/TzuTdpirnEvsrrXDIDPMraPC2k1Vi6wswEBzvQISQmvaCitcVelJ user01@linux-8.home",
                            "os_profile_linux_config.69840937.ssh_keys.0.path": "/home/G1admin/.ssh/authorized_keys",
                            "os_profile_secrets.#": "0",
                            "os_profile_windows_config.#": "0",
                            "plan.#": "0",
                            "resource_group_name": "GROUPE1",
                            "storage_data_disk.#": "0",
                            "storage_image_reference.#": "1",
                            "storage_image_reference.3276981797.id": "",
                            "storage_image_reference.3276981797.offer": "CentOS",
                            "storage_image_reference.3276981797.publisher": "OpenLogic",
                            "storage_image_reference.3276981797.sku": "7.5",
                            "storage_image_reference.3276981797.version": "latest",
                            "storage_os_disk.#": "1",
                            "storage_os_disk.0.caching": "ReadWrite",
                            "storage_os_disk.0.create_option": "FromImage",
                            "storage_os_disk.0.disk_size_gb": "30",
                            "storage_os_disk.0.image_uri": "",
                            "storage_os_disk.0.managed_disk_id": "/subscriptions/dbd0e577-a0ff-42b1-83a1-91960c615cb9/resourceGroups/GROUPE1/providers/Microsoft.Compute/disks/myosdisk1",
                            "storage_os_disk.0.managed_disk_type": "Premium_LRS",
                            "storage_os_disk.0.name": "diskslave1",
                            "storage_os_disk.0.os_type": "Linux",
                            "storage_os_disk.0.vhd_uri": "",
                            "storage_os_disk.0.write_accelerator_enabled": "false",
                            "tags.%": "0",
                            "vm_size": "Standard_DS1_v2",
                            "zones.#": "0"
                        },
                        "meta": {},
                        "tainted": false
                    },
                    "deposed": [],
                    "provider": "provider.azurerm"
                },
                "azurerm_virtual_machine.slave.2": {
                    "type": "azurerm_virtual_machine",
                    "depends_on": [
                        "azurerm_network_interface.interface1.*",
                        "azurerm_resource_group.G1"
                    ],
                    "primary": {
                        "id": "/subscriptions/dbd0e577-a0ff-42b1-83a1-91960c615cb9/resourceGroups/GROUPE1/providers/Microsoft.Compute/virtualMachines/slave2",
                        "attributes": {
                            "delete_data_disks_on_termination": "true",
                            "delete_os_disk_on_termination": "true",
                            "id": "/subscriptions/dbd0e577-a0ff-42b1-83a1-91960c615cb9/resourceGroups/GROUPE1/providers/Microsoft.Compute/virtualMachines/slave2",
                            "identity.#": "0",
                            "location": "francecentral",
                            "name": "slave2",
                            "network_interface_ids.#": "1",
                            "network_interface_ids.0": "/subscriptions/dbd0e577-a0ff-42b1-83a1-91960c615cb9/resourceGroups/GROUPE1/providers/Microsoft.Network/networkInterfaces/acctni2",
                            "os_profile.#": "1",
                            "os_profile.3663441354.admin_password": "",
                            "os_profile.3663441354.admin_username": "G1admin",
                            "os_profile.3663441354.computer_name": "hostname",
                            "os_profile.3663441354.custom_data": "",
                            "os_profile_linux_config.#": "1",
                            "os_profile_linux_config.69840937.disable_password_authentication": "true",
                            "os_profile_linux_config.69840937.ssh_keys.#": "1",
                            "os_profile_linux_config.69840937.ssh_keys.0.key_data": "ssh-rsa AAAAB3NzaC1yc2EAAAADAQABAAABAQDNLV5EjrbI5noWsox1RZ7xEroLKsXJJYKt7SyVGIjWVCIYKjUmwwm6xbAWckh94n/wB9vg7X8h0iSaa0pompFg/IOX5ulNAmk2vrMy4fTYxZ04wZ4BldXVtOKpQg1mgWuvOR5+kFX6avGFqp8WCQ3QlvBpu96xlBJQYype+6f/H1YrwA8T5x5vo10WraT8C5GdH5LeXI5JrpFAoV8b4SmebD3Wy8Fn1yjt1CrN4IJKEGBaab5+FTKf8L/Hpk+uHBJqVMnS/OQWW51Y2savEJBtARcR12SBN1J/TzuTdpirnEvsrrXDIDPMraPC2k1Vi6wswEBzvQISQmvaCitcVelJ user01@linux-8.home",
                            "os_profile_linux_config.69840937.ssh_keys.0.path": "/home/G1admin/.ssh/authorized_keys",
                            "os_profile_secrets.#": "0",
                            "os_profile_windows_config.#": "0",
                            "plan.#": "0",
                            "resource_group_name": "GROUPE1",
                            "storage_data_disk.#": "0",
                            "storage_image_reference.#": "1",
                            "storage_image_reference.3276981797.id": "",
                            "storage_image_reference.3276981797.offer": "CentOS",
                            "storage_image_reference.3276981797.publisher": "OpenLogic",
                            "storage_image_reference.3276981797.sku": "7.5",
                            "storage_image_reference.3276981797.version": "latest",
                            "storage_os_disk.#": "1",
                            "storage_os_disk.0.caching": "ReadWrite",
                            "storage_os_disk.0.create_option": "FromImage",
                            "storage_os_disk.0.disk_size_gb": "30",
                            "storage_os_disk.0.image_uri": "",
                            "storage_os_disk.0.managed_disk_id": "/subscriptions/dbd0e577-a0ff-42b1-83a1-91960c615cb9/resourceGroups/GROUPE1/providers/Microsoft.Compute/disks/myosdisk2",
                            "storage_os_disk.0.managed_disk_type": "Premium_LRS",
                            "storage_os_disk.0.name": "diskslave2",
                            "storage_os_disk.0.os_type": "Linux",
                            "storage_os_disk.0.vhd_uri": "",
                            "storage_os_disk.0.write_accelerator_enabled": "false",
                            "tags.%": "0",
                            "vm_size": "Standard_DS1_v2",
                            "zones.#": "0"
                        },
                        "meta": {},
                        "tainted": false
                    },
                    "deposed": [],
                    "provider": "provider.azurerm"
                },
                "azurerm_virtual_network.vn": {
                    "type": "azurerm_virtual_network",
                    "depends_on": [
                        "azurerm_resource_group.G1"
                    ],
                    "primary": {
                        "id": "/subscriptions/dbd0e577-a0ff-42b1-83a1-91960c615cb9/resourceGroups/GROUPE1/providers/Microsoft.Network/virtualNetworks/vnet",
                        "attributes": {
                            "address_space.#": "1",
                            "address_space.0": "10.0.0.0/16",
                            "ddos_protection_plan.#": "0",
                            "dns_servers.#": "0",
                            "id": "/subscriptions/dbd0e577-a0ff-42b1-83a1-91960c615cb9/resourceGroups/GROUPE1/providers/Microsoft.Network/virtualNetworks/vnet",
                            "location": "francecentral",
                            "name": "vnet",
                            "resource_group_name": "GROUPE1",
                            "subnet.#": "2",
                            "subnet.1127157953.address_prefix": "10.0.2.0/24",
                            "subnet.1127157953.id": "/subscriptions/dbd0e577-a0ff-42b1-83a1-91960c615cb9/resourceGroups/GROUPE1/providers/Microsoft.Network/virtualNetworks/vnet/subnets/SUBNET1",
                            "subnet.1127157953.name": "SUBNET1",
                            "subnet.1127157953.security_group": "",
                            "subnet.4293726612.address_prefix": "10.0.3.0/24",
                            "subnet.4293726612.id": "/subscriptions/dbd0e577-a0ff-42b1-83a1-91960c615cb9/resourceGroups/GROUPE1/providers/Microsoft.Network/virtualNetworks/vnet/subnets/SUBNET2",
                            "subnet.4293726612.name": "SUBNET2",
                            "subnet.4293726612.security_group": "",
                            "tags.%": "0"
                        },
                        "meta": {},
                        "tainted": false
                    },
                    "deposed": [],
                    "provider": "provider.azurerm"
                }
            },
            "depends_on": []
        }
    ]
}
